
Microsoft Visual Studio Solution File, Format Version 12.00
# Visual Studio Version 17
VisualStudioVersion = 17.0.31903.59
MinimumVisualStudioVersion = 10.0.40219.1
Project("{9A19103F-16F7-4668-BE54-9A1E7A4F7556}") = "Easy2D", "Easy2D\Easy2D.csproj", "{A5CFD714-B141-4F6A-B11F-F742AA9313D3}"
EndProject
Project("{9A19103F-16F7-4668-BE54-9A1E7A4F7556}") = "Easy2D.Game", "Easy2D.Game\Easy2D.Game.csproj", "{EE8C6169-AC96-4851-B5AC-A313F10494A1}"
EndProject
Project("{9A19103F-16F7-4668-BE54-9A1E7A4F7556}") = "RTCircles", "RTCircles\RTCircles.csproj", "{0D2DBCF4-F853-4065-9D06-1B0AB96F3554}"
EndProject
Project("{9A19103F-16F7-4668-BE54-9A1E7A4F7556}") = "RTCircles.Desktop", "RTCircles.Desktop\RTCircles.Desktop.csproj", "{38DB095D-8A05-49A2-9082-852C04110B72}"
EndProject
Project("{9A19103F-16F7-4668-BE54-9A1E7A4F7556}") = "TestingAndBenchmarks", "bullshit\TestingAndBenchmarks.csproj", "{9FD5E183-F6F9-4E29-8060-CE8A09DB5B61}"
EndProject
Project("{2150E333-8FDC-42A3-9474-1A3956D46DE8}") = "Unrelated", "Unrelated", "{EFA1D1DC-7B59-41BB-99D9-6F24630BF309}"
EndProject
Project("{9A19103F-16F7-4668-BE54-9A1E7A4F7556}") = "RTCircles.WinForms", "RTCircles.WinForms\RTCircles.WinForms.csproj", "{4ACFC3C6-C102-4B08-9B49-C1E0EB091A0C}"
EndProject
Project("{9A19103F-16F7-4668-BE54-9A1E7A4F7556}") = "RTCircles.Android", "RTCircles.Android\RTCircles.Android.csproj", "{D85F0185-272E-4DF1-9D36-137ED2CF2330}"
EndProject
Project("{9A19103F-16F7-4668-BE54-9A1E7A4F7556}") = "DontTap", "DontTap\DontTap.csproj", "{BB74C2EC-C811-462D-AD89-6FDD6E60A5CA}"
EndProject
Project("{9A19103F-16F7-4668-BE54-9A1E7A4F7556}") = "DontTap.Desktop", "DontTap.Desktop\DontTap.Desktop.csproj", "{5F37798E-6C54-451F-A3FA-ACC4C9F73CA7}"
EndProject
Project("{2150E333-8FDC-42A3-9474-1A3956D46DE8}") = "Solution Items", "Solution Items", "{6F84B0AA-81C6-4DE2-9797-A956AC020813}"
	ProjectSection(SolutionItems) = preProject
		.gitignore = .gitignore
	EndProjectSection
EndProject
Project("{FAE04EC0-301F-11D3-BF4B-00C04F79EFBC}") = "RTCirclesTests", "RTCirclesTests\RTCirclesTests.csproj", "{4B8A1FCE-F04B-41E0-83D1-F0E0414D8D89}"
EndProject
Global
	GlobalSection(SolutionConfigurationPlatforms) = preSolution
		Debug|Any CPU = Debug|Any CPU
		Release|Any CPU = Release|Any CPU
	EndGlobalSection
	GlobalSection(ProjectConfigurationPlatforms) = postSolution
		{A5CFD714-B141-4F6A-B11F-F742AA9313D3}.Debug|Any CPU.ActiveCfg = Debug|Any CPU
		{A5CFD714-B141-4F6A-B11F-F742AA9313D3}.Debug|Any CPU.Build.0 = Debug|Any CPU
		{A5CFD714-B141-4F6A-B11F-F742AA9313D3}.Release|Any CPU.ActiveCfg = Release|Any CPU
		{A5CFD714-B141-4F6A-B11F-F742AA9313D3}.Release|Any CPU.Build.0 = Release|Any CPU
		{EE8C6169-AC96-4851-B5AC-A313F10494A1}.Debug|Any CPU.ActiveCfg = Debug|Any CPU
		{EE8C6169-AC96-4851-B5AC-A313F10494A1}.Debug|Any CPU.Build.0 = Debug|Any CPU
		{EE8C6169-AC96-4851-B5AC-A313F10494A1}.Release|Any CPU.ActiveCfg = Release|Any CPU
		{EE8C6169-AC96-4851-B5AC-A313F10494A1}.Release|Any CPU.Build.0 = Release|Any CPU
		{0D2DBCF4-F853-4065-9D06-1B0AB96F3554}.Debug|Any CPU.ActiveCfg = Debug|Any CPU
		{0D2DBCF4-F853-4065-9D06-1B0AB96F3554}.Debug|Any CPU.Build.0 = Debug|Any CPU
		{0D2DBCF4-F853-4065-9D06-1B0AB96F3554}.Release|Any CPU.ActiveCfg = Release|Any CPU
		{0D2DBCF4-F853-4065-9D06-1B0AB96F3554}.Release|Any CPU.Build.0 = Release|Any CPU
		{38DB095D-8A05-49A2-9082-852C04110B72}.Debug|Any CPU.ActiveCfg = Debug|Any CPU
		{38DB095D-8A05-49A2-9082-852C04110B72}.Debug|Any CPU.Build.0 = Debug|Any CPU
		{38DB095D-8A05-49A2-9082-852C04110B72}.Release|Any CPU.ActiveCfg = Release|Any CPU
		{38DB095D-8A05-49A2-9082-852C04110B72}.Release|Any CPU.Build.0 = Release|Any CPU
		{9FD5E183-F6F9-4E29-8060-CE8A09DB5B61}.Debug|Any CPU.ActiveCfg = Debug|Any CPU
		{9FD5E183-F6F9-4E29-8060-CE8A09DB5B61}.Debug|Any CPU.Build.0 = Debug|Any CPU
		{9FD5E183-F6F9-4E29-8060-CE8A09DB5B61}.Release|Any CPU.ActiveCfg = Release|Any CPU
		{9FD5E183-F6F9-4E29-8060-CE8A09DB5B61}.Release|Any CPU.Build.0 = Release|Any CPU
		{4ACFC3C6-C102-4B08-9B49-C1E0EB091A0C}.Debug|Any CPU.ActiveCfg = Debug|Any CPU
		{4ACFC3C6-C102-4B08-9B49-C1E0EB091A0C}.Debug|Any CPU.Build.0 = Debug|Any CPU
		{4ACFC3C6-C102-4B08-9B49-C1E0EB091A0C}.Release|Any CPU.ActiveCfg = Release|Any CPU
		{4ACFC3C6-C102-4B08-9B49-C1E0EB091A0C}.Release|Any CPU.Build.0 = Release|Any CPU
		{D85F0185-272E-4DF1-9D36-137ED2CF2330}.Debug|Any CPU.ActiveCfg = Debug|Any CPU
		{D85F0185-272E-4DF1-9D36-137ED2CF2330}.Debug|Any CPU.Build.0 = Debug|Any CPU
		{D85F0185-272E-4DF1-9D36-137ED2CF2330}.Debug|Any CPU.Deploy.0 = Debug|Any CPU
		{D85F0185-272E-4DF1-9D36-137ED2CF2330}.Release|Any CPU.ActiveCfg = Release|Any CPU
		{D85F0185-272E-4DF1-9D36-137ED2CF2330}.Release|Any CPU.Build.0 = Release|Any CPU
		{D85F0185-272E-4DF1-9D36-137ED2CF2330}.Release|Any CPU.Deploy.0 = Release|Any CPU
		{BB74C2EC-C811-462D-AD89-6FDD6E60A5CA}.Debug|Any CPU.ActiveCfg = Debug|Any CPU
		{BB74C2EC-C811-462D-AD89-6FDD6E60A5CA}.Debug|Any CPU.Build.0 = Debug|Any CPU
		{BB74C2EC-C811-462D-AD89-6FDD6E60A5CA}.Release|Any CPU.ActiveCfg = Release|Any CPU
		{BB74C2EC-C811-462D-AD89-6FDD6E60A5CA}.Release|Any CPU.Build.0 = Release|Any CPU
		{5F37798E-6C54-451F-A3FA-ACC4C9F73CA7}.Debug|Any CPU.ActiveCfg = Debug|Any CPU
		{5F37798E-6C54-451F-A3FA-ACC4C9F73CA7}.Debug|Any CPU.Build.0 = Debug|Any CPU
		{5F37798E-6C54-451F-A3FA-ACC4C9F73CA7}.Release|Any CPU.ActiveCfg = Release|Any CPU
		{5F37798E-6C54-451F-A3FA-ACC4C9F73CA7}.Release|Any CPU.Build.0 = Release|Any CPU
		{4B8A1FCE-F04B-41E0-83D1-F0E0414D8D89}.Debug|Any CPU.ActiveCfg = Debug|Any CPU
		{4B8A1FCE-F04B-41E0-83D1-F0E0414D8D89}.Debug|Any CPU.Build.0 = Debug|Any CPU
		{4B8A1FCE-F04B-41E0-83D1-F0E0414D8D89}.Release|Any CPU.ActiveCfg = Release|Any CPU
		{4B8A1FCE-F04B-41E0-83D1-F0E0414D8D89}.Release|Any CPU.Build.0 = Release|Any CPU
	EndGlobalSection
	GlobalSection(SolutionProperties) = preSolution
		HideSolutionNode = FALSE
	EndGlobalSection
	GlobalSection(NestedProjects) = preSolution
		{9FD5E183-F6F9-4E29-8060-CE8A09DB5B61} = {EFA1D1DC-7B59-41BB-99D9-6F24630BF309}
		{BB74C2EC-C811-462D-AD89-6FDD6E60A5CA} = {EFA1D1DC-7B59-41BB-99D9-6F24630BF309}
		{5F37798E-6C54-451F-A3FA-ACC4C9F73CA7} = {EFA1D1DC-7B59-41BB-99D9-6F24630BF309}
	EndGlobalSection
	GlobalSection(ExtensibilityGlobals) = postSolution
		SolutionGuid = {24529B86-75F8-460F-A2DE-1C9C2A6EF89A}
	EndGlobalSection
EndGlobal
